{
  "name": "@cryptoalgebra/integral-base-plugin",
  "version": "1.0.0",
  "lockfileVersion": 3,
  "requires": true,
  "packages": {
    "": {
      "name": "@cryptoalgebra/integral-base-plugin",
      "version": "1.0.0",
      "license": "GPL-2.0-or-later",
      "dependencies": {
        "@cryptoalgebra/integral-core": "file:../core",
        "@cryptoalgebra/integral-periphery": "file:../periphery",
        "@openzeppelin/contracts": "^5.0.1",
        "@openzeppelin/contracts-upgradeable": "^4.9.3"
      },
      "engines": {
        "node": ">=14.0.0",
        "npm": ">=8.0.0"
      }
    },
    "../core": {
      "name": "@cryptoalgebra/integral-core",
      "version": "1.0.0",
      "license": "GPL-2.0-or-later",
      "dependencies": {
        "@openzeppelin/contracts": "4.9.3"
      },
      "engines": {
        "node": ">=14.0.0",
        "npm": ">=8.0.0"
      }
    },
    "../periphery": {
      "name": "@cryptoalgebra/integral-periphery",
      "version": "1.0.0",
      "license": "GPL-2.0-or-later",
      "dependencies": {
        "@cryptoalgebra/integral-core": "file:../core",
        "@openzeppelin/contracts": "4.9.3",
        "@uniswap/v2-core": "1.0.1"
      },
      "devDependencies": {
        "is-svg": "^4.3.1"
      },
      "engines": {
        "node": ">=14.0.0",
        "npm": ">=8.0.0"
      }
    },
    "node_modules/@cryptoalgebra/integral-core": {
      "resolved": "../core",
      "link": true
    },
    "node_modules/@cryptoalgebra/integral-periphery": {
      "resolved": "../periphery",
      "link": true
    },
    "node_modules/@openzeppelin/contracts": {
      "version": "5.0.1",
      "resolved": "https://registry.npmjs.org/@openzeppelin/contracts/-/contracts-5.0.1.tgz",
      "integrity": "sha512-yQJaT5HDp9hYOOp4jTYxMsR02gdFZFXhewX5HW9Jo4fsqSVqqyIO/xTHdWDaKX5a3pv1txmf076Lziz+sO7L1w=="
    },
    "node_modules/@openzeppelin/contracts-upgradeable": {
      "version": "4.9.5",
      "resolved": "https://registry.npmjs.org/@openzeppelin/contracts-upgradeable/-/contracts-upgradeable-4.9.5.tgz",
      "integrity": "sha512-f7L1//4sLlflAN7fVzJLoRedrf5Na3Oal5PZfIq55NFcVZ90EpV1q5xOvL4lFvg3MNICSDr2hH0JUBxwlxcoPg=="
    }
  }
}
